%{
  "async": {:hex, :async, "2.0.0", "14ec8a760223eb031d0da76b28df4f09349e898320c689c12ccee968481548f2", [:mix], [{:distillery, "~> 1.5", [hex: :distillery, repo: "hexpm", optional: false]}], "hexpm"},
  "cclock": {:hex, :cclock, "2.0.0", "d55ac05e812cc1e034e4741d91c38e31229533c30989e0c4fd02dc1007962094", [:mix], [{:columbo, "~> 2.0", [hex: :columbo, repo: "hexpm", optional: false]}], "hexpm"},
  "columbo": {:hex, :columbo, "2.0.0", "fe6c006a640aacb5a7bf5cde7beeacccbb1f76d35bd301c266e79942ce68c057", [:mix], [], "hexpm"},
  "cowboy": {:hex, :cowboy, "1.0.4", "a324a8df9f2316c833a470d918aaf73ae894278b8aa6226ce7a9bf699388f878", [:make, :rebar], [{:cowlib, "~> 1.0.0", [hex: :cowlib, repo: "hexpm", optional: false]}, {:ranch, "~> 1.0", [hex: :ranch, repo: "hexpm", optional: false]}], "hexpm"},
  "cowlib": {:hex, :cowlib, "1.0.2", "9d769a1d062c9c3ac753096f868ca121e2730b9a377de23dec0f7e08b1df84ee", [:make], [], "hexpm"},
  "distillery": {:hex, :distillery, "1.5.2", "eec18b2d37b55b0bcb670cf2bcf64228ed38ce8b046bb30a9b636a6f5a4c0080", [:mix], [], "hexpm"},
  "earmark": {:hex, :earmark, "1.2.5", "4d21980d5d2862a2e13ec3c49ad9ad783ffc7ca5769cf6ff891a4553fbaae761", [:mix], [], "hexpm"},
  "erlydtl": {:hex, :erlydtl, "0.12.1", "3fde3190d30340b10cfcfdb4135a828761d468db4e4b34817c6b91d295f3142d", [:rebar3], [], "hexpm"},
  "ex_doc": {:hex, :ex_doc, "0.18.3", "f4b0e4a2ec6f333dccf761838a4b253d75e11f714b85ae271c9ae361367897b7", [:mix], [{:earmark, "~> 1.1", [hex: :earmark, repo: "hexpm", optional: false]}], "hexpm"},
  "gibreel": {:hex, :gibreel, "6.0.0", "042cf93a1cce79f7f67b4df23deb454d311405145b3794cfb4b361164d3216f7", [:mix], [{:async, "~> 2.0.0", [hex: :async, repo: "hexpm", optional: false]}, {:cclock, "~> 2.0.0", [hex: :cclock, repo: "hexpm", optional: false]}, {:columbo, "~> 2.0.0", [hex: :columbo, repo: "hexpm", optional: false]}], "hexpm"},
  "jsondoc": {:hex, :jsondoc, "0.7.0", "bbf0803571b007de05ecc80e1d34acb1076d93b1e977262e1cce69e0907c8217", [:mix], [], "hexpm"},
  "narciso": {:hex, :narciso, "0.1.0", "326a63978f31d949afffb7eac7691dc115558046ab72375f82cfd88f35503e0c", [:mix], [], "hexpm"},
  "ranch": {:hex, :ranch, "1.4.0", "10272f95da79340fa7e8774ba7930b901713d272905d0012b06ca6d994f8826b", [:rebar3], [], "hexpm"},
}
